
Microsoft Visual Studio Solution File, Format Version 12.00
# Visual Studio Version 16
VisualStudioVersion = 16.0.30114.105
MinimumVisualStudioVersion = 10.0.40219.1
Project("{FAE04EC0-301F-11D3-BF4B-00C04F79EFBC}") = "component-resources", "pulumi-project\component-resources.csproj", "{26015446-6A50-43BC-8FA3-3BAE67192A6A}"
EndProject
Project("{FAE04EC0-301F-11D3-BF4B-00C04F79EFBC}") = "pulumi-project.Tests", "pulumi-project.Tests\pulumi-project.Tests.csproj", "{EBD3E4D6-91A7-4278-9848-B59625F4A827}"
EndProject
Global
	GlobalSection(SolutionConfigurationPlatforms) = preSolution
		Debug|Any CPU = Debug|Any CPU
		Release|Any CPU = Release|Any CPU
	EndGlobalSection
	GlobalSection(SolutionProperties) = preSolution
		HideSolutionNode = FALSE
	EndGlobalSection
	GlobalSection(ProjectConfigurationPlatforms) = postSolution
		{26015446-6A50-43BC-8FA3-3BAE67192A6A}.Debug|Any CPU.ActiveCfg = Debug|Any CPU
		{26015446-6A50-43BC-8FA3-3BAE67192A6A}.Debug|Any CPU.Build.0 = Debug|Any CPU
		{26015446-6A50-43BC-8FA3-3BAE67192A6A}.Release|Any CPU.ActiveCfg = Release|Any CPU
		{26015446-6A50-43BC-8FA3-3BAE67192A6A}.Release|Any CPU.Build.0 = Release|Any CPU
		{EBD3E4D6-91A7-4278-9848-B59625F4A827}.Debug|Any CPU.ActiveCfg = Debug|Any CPU
		{EBD3E4D6-91A7-4278-9848-B59625F4A827}.Debug|Any CPU.Build.0 = Debug|Any CPU
		{EBD3E4D6-91A7-4278-9848-B59625F4A827}.Release|Any CPU.ActiveCfg = Release|Any CPU
		{EBD3E4D6-91A7-4278-9848-B59625F4A827}.Release|Any CPU.Build.0 = Release|Any CPU
	EndGlobalSection
EndGlobal
